
Microsoft Visual Studio Solution File, Format Version 12.00
# Visual Studio 15
VisualStudioVersion = 15.0.28307.1022
MinimumVisualStudioVersion = 10.0.40219.1
Project("{FAE04EC0-301F-11D3-BF4B-00C04F79EFBC}") = "_1Monday", "_1Monday\_1Monday.csproj", "{CBC03444-520C-45E2-80D8-0C05D74A907B}"
EndProject
Project("{FAE04EC0-301F-11D3-BF4B-00C04F79EFBC}") = "_2Tuesday", "_2Tuesday\_2Tuesday.csproj", "{A5954554-C166-4FA3-8AB4-82667FC6E86C}"
EndProject
Project("{FAE04EC0-301F-11D3-BF4B-00C04F79EFBC}") = "_3Wednesday", "_3Wednesday\_3Wednesday.csproj", "{AA22133A-8E79-4A44-83D9-83B7B5947254}"
EndProject
Project("{FAE04EC0-301F-11D3-BF4B-00C04F79EFBC}") = "_4Thursday", "_4Thursday\_4Thursday.csproj", "{CA8C91CB-4BBA-4944-9DA1-27552CE607D9}"
EndProject
Project("{FAE04EC0-301F-11D3-BF4B-00C04F79EFBC}") = "_5Friday", "_5Friday\_5Friday.csproj", "{30DCDCC3-A971-42F1-8361-4C12D7D998D3}"
EndProject
Global
	GlobalSection(SolutionConfigurationPlatforms) = preSolution
		Debug|Any CPU = Debug|Any CPU
		Release|Any CPU = Release|Any CPU
	EndGlobalSection
	GlobalSection(ProjectConfigurationPlatforms) = postSolution
		{CBC03444-520C-45E2-80D8-0C05D74A907B}.Debug|Any CPU.ActiveCfg = Debug|Any CPU
		{CBC03444-520C-45E2-80D8-0C05D74A907B}.Debug|Any CPU.Build.0 = Debug|Any CPU
		{CBC03444-520C-45E2-80D8-0C05D74A907B}.Release|Any CPU.ActiveCfg = Release|Any CPU
		{CBC03444-520C-45E2-80D8-0C05D74A907B}.Release|Any CPU.Build.0 = Release|Any CPU
		{A5954554-C166-4FA3-8AB4-82667FC6E86C}.Debug|Any CPU.ActiveCfg = Debug|Any CPU
		{A5954554-C166-4FA3-8AB4-82667FC6E86C}.Debug|Any CPU.Build.0 = Debug|Any CPU
		{A5954554-C166-4FA3-8AB4-82667FC6E86C}.Release|Any CPU.ActiveCfg = Release|Any CPU
		{A5954554-C166-4FA3-8AB4-82667FC6E86C}.Release|Any CPU.Build.0 = Release|Any CPU
		{AA22133A-8E79-4A44-83D9-83B7B5947254}.Debug|Any CPU.ActiveCfg = Debug|Any CPU
		{AA22133A-8E79-4A44-83D9-83B7B5947254}.Debug|Any CPU.Build.0 = Debug|Any CPU
		{AA22133A-8E79-4A44-83D9-83B7B5947254}.Release|Any CPU.ActiveCfg = Release|Any CPU
		{AA22133A-8E79-4A44-83D9-83B7B5947254}.Release|Any CPU.Build.0 = Release|Any CPU
		{CA8C91CB-4BBA-4944-9DA1-27552CE607D9}.Debug|Any CPU.ActiveCfg = Debug|Any CPU
		{CA8C91CB-4BBA-4944-9DA1-27552CE607D9}.Debug|Any CPU.Build.0 = Debug|Any CPU
		{CA8C91CB-4BBA-4944-9DA1-27552CE607D9}.Release|Any CPU.ActiveCfg = Release|Any CPU
		{CA8C91CB-4BBA-4944-9DA1-27552CE607D9}.Release|Any CPU.Build.0 = Release|Any CPU
		{30DCDCC3-A971-42F1-8361-4C12D7D998D3}.Debug|Any CPU.ActiveCfg = Debug|Any CPU
		{30DCDCC3-A971-42F1-8361-4C12D7D998D3}.Debug|Any CPU.Build.0 = Debug|Any CPU
		{30DCDCC3-A971-42F1-8361-4C12D7D998D3}.Release|Any CPU.ActiveCfg = Release|Any CPU
		{30DCDCC3-A971-42F1-8361-4C12D7D998D3}.Release|Any CPU.Build.0 = Release|Any CPU
	EndGlobalSection
	GlobalSection(SolutionProperties) = preSolution
		HideSolutionNode = FALSE
	EndGlobalSection
	GlobalSection(ExtensibilityGlobals) = postSolution
		SolutionGuid = {A0235F7F-2EB3-47C8-A6F9-B07BAC64D4CB}
	EndGlobalSection
EndGlobal
